
Microsoft Visual Studio Solution File, Format Version 12.00
# Visual Studio Version 17
VisualStudioVersion = 17.1.32421.90
MinimumVisualStudioVersion = 10.0.40219.1
Project("{FAE04EC0-301F-11D3-BF4B-00C04F79EFBC}") = "HackerNewsClone.API", "HackerNewsClone.API\HackerNewsClone.API.csproj", "{7E1DE7B6-FCD0-4F17-9682-D1909D9749B6}"
EndProject
Project("{FAE04EC0-301F-11D3-BF4B-00C04F79EFBC}") = "HackerNewsClone.Domain", "HackerNewsClone.Domain\HackerNewsClone.Domain.csproj", "{A0D4181A-AE62-4B1D-B2B7-3BE5A7F17507}"
EndProject
Project("{FAE04EC0-301F-11D3-BF4B-00C04F79EFBC}") = "HackerNewsClone.EFCore", "HackerNewsClone.EFCore\HackerNewsClone.EFCore.csproj", "{FC0D7D0E-7E10-41EC-913D-9B4C00C58CCA}"
EndProject
Project("{FAE04EC0-301F-11D3-BF4B-00C04F79EFBC}") = "HackerNewsClone.Services", "HackerNewsClone.Services\HackerNewsClone.Services.csproj", "{4BAC5D41-AAD3-4267-BC7B-9CD3DE2EB1A2}"
EndProject
Global
	GlobalSection(SolutionConfigurationPlatforms) = preSolution
		Debug|Any CPU = Debug|Any CPU
		Release|Any CPU = Release|Any CPU
	EndGlobalSection
	GlobalSection(ProjectConfigurationPlatforms) = postSolution
		{7E1DE7B6-FCD0-4F17-9682-D1909D9749B6}.Debug|Any CPU.ActiveCfg = Debug|Any CPU
		{7E1DE7B6-FCD0-4F17-9682-D1909D9749B6}.Debug|Any CPU.Build.0 = Debug|Any CPU
		{7E1DE7B6-FCD0-4F17-9682-D1909D9749B6}.Release|Any CPU.ActiveCfg = Release|Any CPU
		{7E1DE7B6-FCD0-4F17-9682-D1909D9749B6}.Release|Any CPU.Build.0 = Release|Any CPU
		{A0D4181A-AE62-4B1D-B2B7-3BE5A7F17507}.Debug|Any CPU.ActiveCfg = Debug|Any CPU
		{A0D4181A-AE62-4B1D-B2B7-3BE5A7F17507}.Debug|Any CPU.Build.0 = Debug|Any CPU
		{A0D4181A-AE62-4B1D-B2B7-3BE5A7F17507}.Release|Any CPU.ActiveCfg = Release|Any CPU
		{A0D4181A-AE62-4B1D-B2B7-3BE5A7F17507}.Release|Any CPU.Build.0 = Release|Any CPU
		{FC0D7D0E-7E10-41EC-913D-9B4C00C58CCA}.Debug|Any CPU.ActiveCfg = Debug|Any CPU
		{FC0D7D0E-7E10-41EC-913D-9B4C00C58CCA}.Debug|Any CPU.Build.0 = Debug|Any CPU
		{FC0D7D0E-7E10-41EC-913D-9B4C00C58CCA}.Release|Any CPU.ActiveCfg = Release|Any CPU
		{FC0D7D0E-7E10-41EC-913D-9B4C00C58CCA}.Release|Any CPU.Build.0 = Release|Any CPU
		{4BAC5D41-AAD3-4267-BC7B-9CD3DE2EB1A2}.Debug|Any CPU.ActiveCfg = Debug|Any CPU
		{4BAC5D41-AAD3-4267-BC7B-9CD3DE2EB1A2}.Debug|Any CPU.Build.0 = Debug|Any CPU
		{4BAC5D41-AAD3-4267-BC7B-9CD3DE2EB1A2}.Release|Any CPU.ActiveCfg = Release|Any CPU
		{4BAC5D41-AAD3-4267-BC7B-9CD3DE2EB1A2}.Release|Any CPU.Build.0 = Release|Any CPU
	EndGlobalSection
	GlobalSection(SolutionProperties) = preSolution
		HideSolutionNode = FALSE
	EndGlobalSection
	GlobalSection(ExtensibilityGlobals) = postSolution
		SolutionGuid = {94513EA0-94DB-4940-9498-BDDF4036BF9E}
	EndGlobalSection
EndGlobal
